
Microsoft Visual Studio Solution File, Format Version 12.00
# Visual Studio Version 17
VisualStudioVersion = 17.3.32819.101
MinimumVisualStudioVersion = 10.0.40219.1
Project("{9A19103F-16F7-4668-BE54-9A1E7A4F7556}") = "MentalMathTelegramBot.Infrastructure", "MentalMathTelegramBot.Infrastructure\MentalMathTelegramBot.Infrastructure.csproj", "{28BDA02C-DC4E-4BBB-B30D-8036482387C3}"
EndProject
Project("{9A19103F-16F7-4668-BE54-9A1E7A4F7556}") = "MentalMathTelegramBot.Controllers", "MentalMathTelegramBot.Controllers\MentalMathTelegramBot.Controllers.csproj", "{4AAFCBF3-9318-43B3-B32A-284C54577D5C}"
EndProject
Global
	GlobalSection(SolutionConfigurationPlatforms) = preSolution
		Debug|Any CPU = Debug|Any CPU
		Release|Any CPU = Release|Any CPU
	EndGlobalSection
	GlobalSection(ProjectConfigurationPlatforms) = postSolution
		{28BDA02C-DC4E-4BBB-B30D-8036482387C3}.Debug|Any CPU.ActiveCfg = Debug|Any CPU
		{28BDA02C-DC4E-4BBB-B30D-8036482387C3}.Debug|Any CPU.Build.0 = Debug|Any CPU
		{28BDA02C-DC4E-4BBB-B30D-8036482387C3}.Release|Any CPU.ActiveCfg = Release|Any CPU
		{28BDA02C-DC4E-4BBB-B30D-8036482387C3}.Release|Any CPU.Build.0 = Release|Any CPU
		{4AAFCBF3-9318-43B3-B32A-284C54577D5C}.Debug|Any CPU.ActiveCfg = Debug|Any CPU
		{4AAFCBF3-9318-43B3-B32A-284C54577D5C}.Debug|Any CPU.Build.0 = Debug|Any CPU
		{4AAFCBF3-9318-43B3-B32A-284C54577D5C}.Release|Any CPU.ActiveCfg = Release|Any CPU
		{4AAFCBF3-9318-43B3-B32A-284C54577D5C}.Release|Any CPU.Build.0 = Release|Any CPU
	EndGlobalSection
	GlobalSection(SolutionProperties) = preSolution
		HideSolutionNode = FALSE
	EndGlobalSection
	GlobalSection(ExtensibilityGlobals) = postSolution
		SolutionGuid = {D2DE00C7-5D62-4A0F-8C3F-D03496512533}
	EndGlobalSection
EndGlobal
